// !$*UTF8*$!
{
	archiveVersion = 1;
	classes = {
	};
	objectVersion = 46;
	objects = {

/* Begin PBXBuildFile section */
		1A234A5119BB52AD00F1C4D1 /* libMIFileManager.a in Frameworks */ = {isa = PBXBuildFile; fileRef = 1A234A4B19BB527200F1C4D1 /* libMIFileManager.a */; };
		1A71D7AE19BB2D7C003DDB61 /* Foundation.framework in Frameworks */ = {isa = PBXBuildFile; fileRef = 1A71D7AD19BB2D7C003DDB61 /* Foundation.framework */; };
		1A71D7B019BB2D7C003DDB61 /* CoreGraphics.framework in Frameworks */ = {isa = PBXBuildFile; fileRef = 1A71D7AF19BB2D7C003DDB61 /* CoreGraphics.framework */; };
		1A71D7B219BB2D7C003DDB61 /* UIKit.framework in Frameworks */ = {isa = PBXBuildFile; fileRef = 1A71D7B119BB2D7C003DDB61 /* UIKit.framework */; };
		1A71D7B819BB2D7C003DDB61 /* InfoPlist.strings in Resources */ = {isa = PBXBuildFile; fileRef = 1A71D7B619BB2D7C003DDB61 /* InfoPlist.strings */; };
		1A71D7BA19BB2D7C003DDB61 /* main.m in Sources */ = {isa = PBXBuildFile; fileRef = 1A71D7B919BB2D7C003DDB61 /* main.m */; };
		1A71D7BE19BB2D7C003DDB61 /* AppDelegate.m in Sources */ = {isa = PBXBuildFile; fileRef = 1A71D7BD19BB2D7C003DDB61 /* AppDelegate.m */; };
		1A71D7C119BB2D7C003DDB61 /* Main.storyboard in Resources */ = {isa = PBXBuildFile; fileRef = 1A71D7BF19BB2D7C003DDB61 /* Main.storyboard */; };
		1A71D7C619BB2D7C003DDB61 /* Images.xcassets in Resources */ = {isa = PBXBuildFile; fileRef = 1A71D7C519BB2D7C003DDB61 /* Images.xcassets */; };
		1A71D7CD19BB2D7C003DDB61 /* XCTest.framework in Frameworks */ = {isa = PBXBuildFile; fileRef = 1A71D7CC19BB2D7C003DDB61 /* XCTest.framework */; };
		1A71D7CE19BB2D7C003DDB61 /* Foundation.framework in Frameworks */ = {isa = PBXBuildFile; fileRef = 1A71D7AD19BB2D7C003DDB61 /* Foundation.framework */; };
		1A71D7CF19BB2D7C003DDB61 /* UIKit.framework in Frameworks */ = {isa = PBXBuildFile; fileRef = 1A71D7B119BB2D7C003DDB61 /* UIKit.framework */; };
		1A71D7D719BB2D7C003DDB61 /* InfoPlist.strings in Resources */ = {isa = PBXBuildFile; fileRef = 1A71D7D519BB2D7C003DDB61 /* InfoPlist.strings */; };
		1A71D7D919BB2D7C003DDB61 /* MIFileManagerSampleTests.m in Sources */ = {isa = PBXBuildFile; fileRef = 1A71D7D819BB2D7C003DDB61 /* MIFileManagerSampleTests.m */; };
		1A71D81B19BB308F003DDB61 /* NetworkImagesViewControllerTableViewController.m in Sources */ = {isa = PBXBuildFile; fileRef = 1A71D81A19BB308F003DDB61 /* NetworkImagesViewControllerTableViewController.m */; };
		1A71D82E19BB3995003DDB61 /* PhotoAssetsViewController.m in Sources */ = {isa = PBXBuildFile; fileRef = 1A71D82D19BB3995003DDB61 /* PhotoAssetsViewController.m */; };
/* End PBXBuildFile section */

/* Begin PBXContainerItemProxy section */
		1A234A4A19BB527200F1C4D1 /* PBXContainerItemProxy */ = {
			isa = PBXContainerItemProxy;
			containerPortal = 1A71D7E219BB2DE6003DDB61 /* MIFileManager.xcodeproj */;
			proxyType = 2;
			remoteGlobalIDString = 1A71D77819BB2C83003DDB61;
			remoteInfo = MIFileManager;
		};
		1A234A4C19BB527200F1C4D1 /* PBXContainerItemProxy */ = {
			isa = PBXContainerItemProxy;
			containerPortal = 1A71D7E219BB2DE6003DDB61 /* MIFileManager.xcodeproj */;
			proxyType = 2;
			remoteGlobalIDString = 1A71D78819BB2C83003DDB61;
			remoteInfo = MIFileManagerTests;
		};
		1A71D7D019BB2D7C003DDB61 /* PBXContainerItemProxy */ = {
			isa = PBXContainerItemProxy;
			containerPortal = 1A71D7A219BB2D7C003DDB61 /* Project object */;
			proxyType = 1;
			remoteGlobalIDString = 1A71D7A919BB2D7C003DDB61;
			remoteInfo = MIFileManagerSample;
		};
/* End PBXContainerItemProxy section */

/* Begin PBXFileReference section */
		1A71D7AA19BB2D7C003DDB61 /* MIFileManagerSample.app */ = {isa = PBXFileReference; explicitFileType = wrapper.application; includeInIndex = 0; path = MIFileManagerSample.app; sourceTree = BUILT_PRODUCTS_DIR; };
		1A71D7AD19BB2D7C003DDB61 /* Foundation.framework */ = {isa = PBXFileReference; lastKnownFileType = wrapper.framework; name = Foundation.framework; path = System/Library/Frameworks/Foundation.framework; sourceTree = SDKROOT; };
		1A71D7AF19BB2D7C003DDB61 /* CoreGraphics.framework */ = {isa = PBXFileReference; lastKnownFileType = wrapper.framework; name = CoreGraphics.framework; path = System/Library/Frameworks/CoreGraphics.framework; sourceTree = SDKROOT; };
		1A71D7B119BB2D7C003DDB61 /* UIKit.framework */ = {isa = PBXFileReference; lastKnownFileType = wrapper.framework; name = UIKit.framework; path = System/Library/Frameworks/UIKit.framework; sourceTree = SDKROOT; };
		1A71D7B519BB2D7C003DDB61 /* MIFileManagerSample-Info.plist */ = {isa = PBXFileReference; lastKnownFileType = text.plist.xml; path = "MIFileManagerSample-Info.plist"; sourceTree = "<group>"; };
		1A71D7B719BB2D7C003DDB61 /* en */ = {isa = PBXFileReference; lastKnownFileType = text.plist.strings; name = en; path = en.lproj/InfoPlist.strings; sourceTree = "<group>"; };
		1A71D7B919BB2D7C003DDB61 /* main.m */ = {isa = PBXFileReference; lastKnownFileType = sourcecode.c.objc; path = main.m; sourceTree = "<group>"; };
		1A71D7BB19BB2D7C003DDB61 /* MIFileManagerSample-Prefix.pch */ = {isa = PBXFileReference; lastKnownFileType = sourcecode.c.h; path = "MIFileManagerSample-Prefix.pch"; sourceTree = "<group>"; };
		1A71D7BC19BB2D7C003DDB61 /* AppDelegate.h */ = {isa = PBXFileReference; lastKnownFileType = sourcecode.c.h; path = AppDelegate.h; sourceTree = "<group>"; };
		1A71D7BD19BB2D7C003DDB61 /* AppDelegate.m */ = {isa = PBXFileReference; lastKnownFileType = sourcecode.c.objc; path = AppDelegate.m; sourceTree = "<group>"; };
		1A71D7C019BB2D7C003DDB61 /* Base */ = {isa = PBXFileReference; lastKnownFileType = file.storyboard; name = Base; path = Base.lproj/Main.storyboard; sourceTree = "<group>"; };
		1A71D7C519BB2D7C003DDB61 /* Images.xcassets */ = {isa = PBXFileReference; lastKnownFileType = folder.assetcatalog; path = Images.xcassets; sourceTree = "<group>"; };
		1A71D7CB19BB2D7C003DDB61 /* MIFileManagerSampleTests.xctest */ = {isa = PBXFileReference; explicitFileType = wrapper.cfbundle; includeInIndex = 0; path = MIFileManagerSampleTests.xctest; sourceTree = BUILT_PRODUCTS_DIR; };
		1A71D7CC19BB2D7C003DDB61 /* XCTest.framework */ = {isa = PBXFileReference; lastKnownFileType = wrapper.framework; name = XCTest.framework; path = Library/Frameworks/XCTest.framework; sourceTree = DEVELOPER_DIR; };
		1A71D7D419BB2D7C003DDB61 /* MIFileManagerSampleTests-Info.plist */ = {isa = PBXFileReference; lastKnownFileType = text.plist.xml; path = "MIFileManagerSampleTests-Info.plist"; sourceTree = "<group>"; };
		1A71D7D619BB2D7C003DDB61 /* en */ = {isa = PBXFileReference; lastKnownFileType = text.plist.strings; name = en; path = en.lproj/InfoPlist.strings; sourceTree = "<group>"; };
		1A71D7D819BB2D7C003DDB61 /* MIFileManagerSampleTests.m */ = {isa = PBXFileReference; lastKnownFileType = sourcecode.c.objc; path = MIFileManagerSampleTests.m; sourceTree = "<group>"; };
		1A71D7E219BB2DE6003DDB61 /* MIFileManager.xcodeproj */ = {isa = PBXFileReference; lastKnownFileType = "wrapper.pb-project"; path = MIFileManager.xcodeproj; sourceTree = "<group>"; };
		1A71D81919BB308F003DDB61 /* NetworkImagesViewControllerTableViewController.h */ = {isa = PBXFileReference; fileEncoding = 4; lastKnownFileType = sourcecode.c.h; path = NetworkImagesViewControllerTableViewController.h; sourceTree = "<group>"; };
		1A71D81A19BB308F003DDB61 /* NetworkImagesViewControllerTableViewController.m */ = {isa = PBXFileReference; fileEncoding = 4; lastKnownFileType = sourcecode.c.objc; path = NetworkImagesViewControllerTableViewController.m; sourceTree = "<group>"; };
		1A71D82C19BB3995003DDB61 /* PhotoAssetsViewController.h */ = {isa = PBXFileReference; fileEncoding = 4; lastKnownFileType = sourcecode.c.h; path = PhotoAssetsViewController.h; sourceTree = "<group>"; };
		1A71D82D19BB3995003DDB61 /* PhotoAssetsViewController.m */ = {isa = PBXFileReference; fileEncoding = 4; lastKnownFileType = sourcecode.c.objc; path = PhotoAssetsViewController.m; sourceTree = "<group>"; };
/* End PBXFileReference section */

/* Begin PBXFrameworksBuildPhase section */
		1A71D7A719BB2D7C003DDB61 /* Frameworks */ = {
			isa = PBXFrameworksBuildPhase;
			buildActionMask = 2147483647;
			files = (
				1A234A5119BB52AD00F1C4D1 /* libMIFileManager.a in Frameworks */,
				1A71D7B019BB2D7C003DDB61 /* CoreGraphics.framework in Frameworks */,
				1A71D7B219BB2D7C003DDB61 /* UIKit.framework in Frameworks */,
				1A71D7AE19BB2D7C003DDB61 /* Foundation.framework in Frameworks */,
			);
			runOnlyForDeploymentPostprocessing = 0;
		};
		1A71D7C819BB2D7C003DDB61 /* Frameworks */ = {
			isa = PBXFrameworksBuildPhase;
			buildActionMask = 2147483647;
			files = (
				1A71D7CD19BB2D7C003DDB61 /* XCTest.framework in Frameworks */,
				1A71D7CF19BB2D7C003DDB61 /* UIKit.framework in Frameworks */,
				1A71D7CE19BB2D7C003DDB61 /* Foundation.framework in Frameworks */,
			);
			runOnlyForDeploymentPostprocessing = 0;
		};
/* End PBXFrameworksBuildPhase section */

/* Begin PBXGroup section */
		1A234A4619BB527200F1C4D1 /* Products */ = {
			isa = PBXGroup;
			children = (
				1A234A4B19BB527200F1C4D1 /* libMIFileManager.a */,
				1A234A4D19BB527200F1C4D1 /* MIFileManagerTests.xctest */,
			);
			name = Products;
			sourceTree = "<group>";
		};
		1A71D7A119BB2D7C003DDB61 = {
			isa = PBXGroup;
			children = (
				1A71D7E219BB2DE6003DDB61 /* MIFileManager.xcodeproj */,
				1A71D7B319BB2D7C003DDB61 /* MIFileManagerSample */,
				1A71D7D219BB2D7C003DDB61 /* MIFileManagerSampleTests */,
				1A71D7AC19BB2D7C003DDB61 /* Frameworks */,
				1A71D7AB19BB2D7C003DDB61 /* Products */,
			);
			sourceTree = "<group>";
		};
		1A71D7AB19BB2D7C003DDB61 /* Products */ = {
			isa = PBXGroup;
			children = (
				1A71D7AA19BB2D7C003DDB61 /* MIFileManagerSample.app */,
				1A71D7CB19BB2D7C003DDB61 /* MIFileManagerSampleTests.xctest */,
			);
			name = Products;
			sourceTree = "<group>";
		};
		1A71D7AC19BB2D7C003DDB61 /* Frameworks */ = {
			isa = PBXGroup;
			children = (
				1A71D7AD19BB2D7C003DDB61 /* Foundation.framework */,
				1A71D7AF19BB2D7C003DDB61 /* CoreGraphics.framework */,
				1A71D7B119BB2D7C003DDB61 /* UIKit.framework */,
				1A71D7CC19BB2D7C003DDB61 /* XCTest.framework */,
			);
			name = Frameworks;
			sourceTree = "<group>";
		};
		1A71D7B319BB2D7C003DDB61 /* MIFileManagerSample */ = {
			isa = PBXGroup;
			children = (
				1A71D7BC19BB2D7C003DDB61 /* AppDelegate.h */,
				1A71D7BD19BB2D7C003DDB61 /* AppDelegate.m */,
				1A71D7BF19BB2D7C003DDB61 /* Main.storyboard */,
				1A71D81919BB308F003DDB61 /* NetworkImagesViewControllerTableViewController.h */,
				1A71D81A19BB308F003DDB61 /* NetworkImagesViewControllerTableViewController.m */,
				1A71D82C19BB3995003DDB61 /* PhotoAssetsViewController.h */,
				1A71D82D19BB3995003DDB61 /* PhotoAssetsViewController.m */,
				1A71D7C519BB2D7C003DDB61 /* Images.xcassets */,
				1A71D7B419BB2D7C003DDB61 /* Supporting Files */,
			);
			path = MIFileManagerSample;
			sourceTree = "<group>";
		};
		1A71D7B419BB2D7C003DDB61 /* Supporting Files */ = {
			isa = PBXGroup;
			children = (
				1A71D7B519BB2D7C003DDB61 /* MIFileManagerSample-Info.plist */,
				1A71D7B619BB2D7C003DDB61 /* InfoPlist.strings */,
				1A71D7B919BB2D7C003DDB61 /* main.m */,
				1A71D7BB19BB2D7C003DDB61 /* MIFileManagerSample-Prefix.pch */,
			);
			name = "Supporting Files";
			sourceTree = "<group>";
		};
		1A71D7D219BB2D7C003DDB61 /* MIFileManagerSampleTests */ = {
			isa = PBXGroup;
			children = (
				1A71D7D819BB2D7C003DDB61 /* MIFileManagerSampleTests.m */,
				1A71D7D319BB2D7C003DDB61 /* Supporting Files */,
			);
			path = MIFileManagerSampleTests;
			sourceTree = "<group>";
		};
		1A71D7D319BB2D7C003DDB61 /* Supporting Files */ = {
			isa = PBXGroup;
			children = (
				1A71D7D419BB2D7C003DDB61 /* MIFileManagerSampleTests-Info.plist */,
				1A71D7D519BB2D7C003DDB61 /* InfoPlist.strings */,
			);
			name = "Supporting Files";
			sourceTree = "<group>";
		};
/* End PBXGroup section */

/* Begin PBXNativeTarget section */
		1A71D7A919BB2D7C003DDB61 /* MIFileManagerSample */ = {
			isa = PBXNativeTarget;
			buildConfigurationList = 1A71D7DC19BB2D7C003DDB61 /* Build configuration list for PBXNativeTarget "MIFileManagerSample" */;
			buildPhases = (
				1A71D7A619BB2D7C003DDB61 /* Sources */,
				1A71D7A719BB2D7C003DDB61 /* Frameworks */,
				1A71D7A819BB2D7C003DDB61 /* Resources */,
			);
			buildRules = (
			);
			dependencies = (
			);
			name = MIFileManagerSample;
			productName = MIFileManagerSample;
			productReference = 1A71D7AA19BB2D7C003DDB61 /* MIFileManagerSample.app */;
			productType = "com.apple.product-type.application";
		};
		1A71D7CA19BB2D7C003DDB61 /* MIFileManagerSampleTests */ = {
			isa = PBXNativeTarget;
			buildConfigurationList = 1A71D7DF19BB2D7C003DDB61 /* Build configuration list for PBXNativeTarget "MIFileManagerSampleTests" */;
			buildPhases = (
				1A71D7C719BB2D7C003DDB61 /* Sources */,
				1A71D7C819BB2D7C003DDB61 /* Frameworks */,
				1A71D7C919BB2D7C003DDB61 /* Resources */,
			);
			buildRules = (
			);
			dependencies = (
				1A71D7D119BB2D7C003DDB61 /* PBXTargetDependency */,
			);
			name = MIFileManagerSampleTests;
			productName = MIFileManagerSampleTests;
			productReference = 1A71D7CB19BB2D7C003DDB61 /* MIFileManagerSampleTests.xctest */;
			productType = "com.apple.product-type.bundle.unit-test";
		};
/* End PBXNativeTarget section */

/* Begin PBXProject section */
		1A71D7A219BB2D7C003DDB61 /* Project object */ = {
			isa = PBXProject;
			attributes = {
				LastUpgradeCheck = 0510;
				ORGANIZATIONNAME = morph85;
				TargetAttributes = {
					1A71D7CA19BB2D7C003DDB61 = {
						TestTargetID = 1A71D7A919BB2D7C003DDB61;
					};
				};
			};
			buildConfigurationList = 1A71D7A519BB2D7C003DDB61 /* Build configuration list for PBXProject "MIFileManagerSample" */;
			compatibilityVersion = "Xcode 3.2";
			developmentRegion = English;
			hasScannedForEncodings = 0;
			knownRegions = (
				en,
				Base,
			);
			mainGroup = 1A71D7A119BB2D7C003DDB61;
			productRefGroup = 1A71D7AB19BB2D7C003DDB61 /* Products */;
			projectDirPath = "";
			projectReferences = (
				{
					ProductGroup = 1A234A4619BB527200F1C4D1 /* Products */;
					ProjectRef = 1A71D7E219BB2DE6003DDB61 /* MIFileManager.xcodeproj */;
				},
			);
			projectRoot = "";
			targets = (
				1A71D7A919BB2D7C003DDB61 /* MIFileManagerSample */,
				1A71D7CA19BB2D7C003DDB61 /* MIFileManagerSampleTests */,
			);
		};
/* End PBXProject section */

/* Begin PBXReferenceProxy section */
		1A234A4B19BB527200F1C4D1 /* libMIFileManager.a */ = {
			isa = PBXReferenceProxy;
			fileType = archive.ar;
			path = libMIFileManager.a;
			remoteRef = 1A234A4A19BB527200F1C4D1 /* PBXContainerItemProxy */;
			sourceTree = BUILT_PRODUCTS_DIR;
		};
		1A234A4D19BB527200F1C4D1 /* MIFileManagerTests.xctest */ = {
			isa = PBXReferenceProxy;
			fileType = wrapper.cfbundle;
			path = MIFileManagerTests.xctest;
			remoteRef = 1A234A4C19BB527200F1C4D1 /* PBXContainerItemProxy */;
			sourceTree = BUILT_PRODUCTS_DIR;
		};
/* End PBXReferenceProxy section */

/* Begin PBXResourcesBuildPhase section */
		1A71D7A819BB2D7C003DDB61 /* Resources */ = {
			isa = PBXResourcesBuildPhase;
			buildActionMask = 2147483647;
			files = (
				1A71D7C619BB2D7C003DDB61 /* Images.xcassets in Resources */,
				1A71D7B819BB2D7C003DDB61 /* InfoPlist.strings in Resources */,
				1A71D7C119BB2D7C003DDB61 /* Main.storyboard in Resources */,
			);
			runOnlyForDeploymentPostprocessing = 0;
		};
		1A71D7C919BB2D7C003DDB61 /* Resources */ = {
			isa = PBXResourcesBuildPhase;
			buildActionMask = 2147483647;
			files = (
				1A71D7D719BB2D7C003DDB61 /* InfoPlist.strings in Resources */,
			);
			runOnlyForDeploymentPostprocessing = 0;
		};
/* End PBXResourcesBuildPhase section */

/* Begin PBXSourcesBuildPhase section */
		1A71D7A619BB2D7C003DDB61 /* Sources */ = {
			isa = PBXSourcesBuildPhase;
			buildActionMask = 2147483647;
			files = (
				1A71D81B19BB308F003DDB61 /* NetworkImagesViewControllerTableViewController.m in Sources */,
				1A71D7BE19BB2D7C003DDB61 /* AppDelegate.m in Sources */,
				1A71D82E19BB3995003DDB61 /* PhotoAssetsViewController.m in Sources */,
				1A71D7BA19BB2D7C003DDB61 /* main.m in Sources */,
			);
			runOnlyForDeploymentPostprocessing = 0;
		};
		1A71D7C719BB2D7C003DDB61 /* Sources */ = {
			isa = PBXSourcesBuildPhase;
			buildActionMask = 2147483647;
			files = (
				1A71D7D919BB2D7C003DDB61 /* MIFileManagerSampleTests.m in Sources */,
			);
			runOnlyForDeploymentPostprocessing = 0;
		};
/* End PBXSourcesBuildPhase section */

/* Begin PBXTargetDependency section */
		1A71D7D119BB2D7C003DDB61 /* PBXTargetDependency */ = {
			isa = PBXTargetDependency;
			target = 1A71D7A919BB2D7C003DDB61 /* MIFileManagerSample */;
			targetProxy = 1A71D7D019BB2D7C003DDB61 /* PBXContainerItemProxy */;
		};
/* End PBXTargetDependency section */

/* Begin PBXVariantGroup section */
		1A71D7B619BB2D7C003DDB61 /* InfoPlist.strings */ = {
			isa = PBXVariantGroup;
			children = (
				1A71D7B719BB2D7C003DDB61 /* en */,
			);
			name = InfoPlist.strings;
			sourceTree = "<group>";
		};
		1A71D7BF19BB2D7C003DDB61 /* Main.storyboard */ = {
			isa = PBXVariantGroup;
			children = (
				1A71D7C019BB2D7C003DDB61 /* Base */,
			);
			name = Main.storyboard;
			sourceTree = "<group>";
		};
		1A71D7D519BB2D7C003DDB61 /* InfoPlist.strings */ = {
			isa = PBXVariantGroup;
			children = (
				1A71D7D619BB2D7C003DDB61 /* en */,
			);
			name = InfoPlist.strings;
			sourceTree = "<group>";
		};
/* End PBXVariantGroup section */

/* Begin XCBuildConfiguration section */
		1A71D7DA19BB2D7C003DDB61 /* Debug */ = {
			isa = XCBuildConfiguration;
			buildSettings = {
				ALWAYS_SEARCH_USER_PATHS = NO;
				CLANG_CXX_LANGUAGE_STANDARD = "gnu++0x";
				CLANG_CXX_LIBRARY = "libc++";
				CLANG_ENABLE_MODULES = YES;
				CLANG_ENABLE_OBJC_ARC = YES;
				CLANG_WARN_BOOL_CONVERSION = YES;
				CLANG_WARN_CONSTANT_CONVERSION = YES;
				CLANG_WARN_DIRECT_OBJC_ISA_USAGE = YES_ERROR;
				CLANG_WARN_EMPTY_BODY = YES;
				CLANG_WARN_ENUM_CONVERSION = YES;
				CLANG_WARN_INT_CONVERSION = YES;
				CLANG_WARN_OBJC_ROOT_CLASS = YES_ERROR;
				CLANG_WARN__DUPLICATE_METHOD_MATCH = YES;
				"CODE_SIGN_IDENTITY[sdk=iphoneos*]" = "iPhone Developer";
				COPY_PHASE_STRIP = NO;
				GCC_C_LANGUAGE_STANDARD = gnu99;
				GCC_DYNAMIC_NO_PIC = NO;
				GCC_OPTIMIZATION_LEVEL = 0;
				GCC_PREPROCESSOR_DEFINITIONS = (
					"DEBUG=1",
					"$(inherited)",
				);
				GCC_SYMBOLS_PRIVATE_EXTERN = NO;
				GCC_WARN_64_TO_32_BIT_CONVERSION = YES;
				GCC_WARN_ABOUT_RETURN_TYPE = YES_ERROR;
				GCC_WARN_UNDECLARED_SELECTOR = YES;
				GCC_WARN_UNINITIALIZED_AUTOS = YES_AGGRESSIVE;
				GCC_WARN_UNUSED_FUNCTION = YES;
				GCC_WARN_UNUSED_VARIABLE = YES;
				IPHONEOS_DEPLOYMENT_TARGET = 7.1;
				ONLY_ACTIVE_ARCH = YES;
				SDKROOT = iphoneos;
			};
			name = Debug;
		};
		1A71D7DB19BB2D7C003DDB61 /* Release */ = {
			isa = XCBuildConfiguration;
			buildSettings = {
				ALWAYS_SEARCH_USER_PATHS = NO;
				CLANG_CXX_LANGUAGE_STANDARD = "gnu++0x";
				CLANG_CXX_LIBRARY = "libc++";
				CLANG_ENABLE_MODULES = YES;
				CLANG_ENABLE_OBJC_ARC = YES;
				CLANG_WARN_BOOL_CONVERSION = YES;
				CLANG_WARN_CONSTANT_CONVERSION = YES;
				CLANG_WARN_DIRECT_OBJC_ISA_USAGE = YES_ERROR;
				CLANG_WARN_EMPTY_BODY = YES;
				CLANG_WARN_ENUM_CONVERSION = YES;
				CLANG_WARN_INT_CONVERSION = YES;
				CLANG_WARN_OBJC_ROOT_CLASS = YES_ERROR;
				CLANG_WARN__DUPLICATE_METHOD_MATCH = YES;
				"CODE_SIGN_IDENTITY[sdk=iphoneos*]" = "iPhone Developer";
				COPY_PHASE_STRIP = YES;
				ENABLE_NS_ASSERTIONS = NO;
				GCC_C_LANGUAGE_STANDARD = gnu99;
				GCC_WARN_64_TO_32_BIT_CONVERSION = YES;
				GCC_WARN_ABOUT_RETURN_TYPE = YES_ERROR;
				GCC_WARN_UNDECLARED_SELECTOR = YES;
				GCC_WARN_UNINITIALIZED_AUTOS = YES_AGGRESSIVE;
				GCC_WARN_UNUSED_FUNCTION = YES;
				GCC_WARN_UNUSED_VARIABLE = YES;
				IPHONEOS_DEPLOYMENT_TARGET = 7.1;
				SDKROOT = iphoneos;
				VALIDATE_PRODUCT = YES;
			};
			name = Release;
		};
		1A71D7DD19BB2D7C003DDB61 /* Debug */ = {
			isa = XCBuildConfiguration;
			buildSettings = {
				ASSETCATALOG_COMPILER_APPICON_NAME = AppIcon;
				ASSETCATALOG_COMPILER_LAUNCHIMAGE_NAME = LaunchImage;
				GCC_PRECOMPILE_PREFIX_HEADER = YES;
				GCC_PREFIX_HEADER = "MIFileManagerSample/MIFileManagerSample-Prefix.pch";
				HEADER_SEARCH_PATHS = (
					"$(inherited)",
					/Applications/Xcode.app/Contents/Developer/Toolchains/XcodeDefault.xctoolchain/usr/include,
					./,
					../MIFileManager,
				);
				INFOPLIST_FILE = "MIFileManagerSample/MIFileManagerSample-Info.plist";
				OTHER_LDFLAGS = "-ObjC";
				PRODUCT_NAME = "$(TARGET_NAME)";
				USER_HEADER_SEARCH_PATHS = "";
				WRAPPER_EXTENSION = app;
			};
			name = Debug;
		};
		1A71D7DE19BB2D7C003DDB61 /* Release */ = {
			isa = XCBuildConfiguration;
			buildSettings = {
				ASSETCATALOG_COMPILER_APPICON_NAME = AppIcon;
				ASSETCATALOG_COMPILER_LAUNCHIMAGE_NAME = LaunchImage;
				GCC_PRECOMPILE_PREFIX_HEADER = YES;
				GCC_PREFIX_HEADER = "MIFileManagerSample/MIFileManagerSample-Prefix.pch";
				HEADER_SEARCH_PATHS = (
					"$(inherited)",
					/Applications/Xcode.app/Contents/Developer/Toolchains/XcodeDefault.xctoolchain/usr/include,
					./,
					../MIFileManager,
				);
				INFOPLIST_FILE = "MIFileManagerSample/MIFileManagerSample-Info.plist";
				OTHER_LDFLAGS = "-ObjC";
				PRODUCT_NAME = "$(TARGET_NAME)";
				USER_HEADER_SEARCH_PATHS = "";
				WRAPPER_EXTENSION = app;
			};
			name = Release;
		};
		1A71D7E019BB2D7C003DDB61 /* Debug */ = {
			isa = XCBuildConfiguration;
			buildSettings = {
				BUNDLE_LOADER = "$(BUILT_PRODUCTS_DIR)/MIFileManagerSample.app/MIFileManagerSample";
				FRAMEWORK_SEARCH_PATHS = (
					"$(SDKROOT)/Developer/Library/Frameworks",
					"$(inherited)",
					"$(DEVELOPER_FRAMEWORKS_DIR)",
				);
				GCC_PRECOMPILE_PREFIX_HEADER = YES;
				GCC_PREFIX_HEADER = "MIFileManagerSample/MIFileManagerSample-Prefix.pch";
				GCC_PREPROCESSOR_DEFINITIONS = (
					"DEBUG=1",
					"$(inherited)",
				);
				INFOPLIST_FILE = "MIFileManagerSampleTests/MIFileManagerSampleTests-Info.plist";
				PRODUCT_NAME = "$(TARGET_NAME)";
				TEST_HOST = "$(BUNDLE_LOADER)";
				WRAPPER_EXTENSION = xctest;
			};
			name = Debug;
		};
		1A71D7E119BB2D7C003DDB61 /* Release */ = {
			isa = XCBuildConfiguration;
			buildSettings = {
				BUNDLE_LOADER = "$(BUILT_PRODUCTS_DIR)/MIFileManagerSample.app/MIFileManagerSample";
				FRAMEWORK_SEARCH_PATHS = (
					"$(SDKROOT)/Developer/Library/Frameworks",
					"$(inherited)",
					"$(DEVELOPER_FRAMEWORKS_DIR)",
				);
				GCC_PRECOMPILE_PREFIX_HEADER = YES;
				GCC_PREFIX_HEADER = "MIFileManagerSample/MIFileManagerSample-Prefix.pch";
				INFOPLIST_FILE = "MIFileManagerSampleTests/MIFileManagerSampleTests-Info.plist";
				PRODUCT_NAME = "$(TARGET_NAME)";
				TEST_HOST = "$(BUNDLE_LOADER)";
				WRAPPER_EXTENSION = xctest;
			};
			name = Release;
		};
/* End XCBuildConfiguration section */

/* Begin XCConfigurationList section */
		1A71D7A519BB2D7C003DDB61 /* Build configuration list for PBXProject "MIFileManagerSample" */ = {
			isa = XCConfigurationList;
			buildConfigurations = (
				1A71D7DA19BB2D7C003DDB61 /* Debug */,
				1A71D7DB19BB2D7C003DDB61 /* Release */,
			);
			defaultConfigurationIsVisible = 0;
			defaultConfigurationName = Release;
		};
		1A71D7DC19BB2D7C003DDB61 /* Build configuration list for PBXNativeTarget "MIFileManagerSample" */ = {
			isa = XCConfigurationList;
			buildConfigurations = (
				1A71D7DD19BB2D7C003DDB61 /* Debug */,
				1A71D7DE19BB2D7C003DDB61 /* Release */,
			);
			defaultConfigurationIsVisible = 0;
			defaultConfigurationName = Release;
		};
		1A71D7DF19BB2D7C003DDB61 /* Build configuration list for PBXNativeTarget "MIFileManagerSampleTests" */ = {
			isa = XCConfigurationList;
			buildConfigurations = (
				1A71D7E019BB2D7C003DDB61 /* Debug */,
				1A71D7E119BB2D7C003DDB61 /* Release */,
			);
			defaultConfigurationIsVisible = 0;
			defaultConfigurationName = Release;
		};
/* End XCConfigurationList section */
	};
	rootObject = 1A71D7A219BB2D7C003DDB61 /* Project object */;
}
